// !$*UTF8*$!
{
	archiveVersion = 1;
	classes = {
	};
	objectVersion = 50;
	objects = {

/* Begin PBXBuildFile section */
		1E2698C122A12C56001F1FF9 /* SignInViewController.swift in Sources */ = {isa = PBXBuildFile; fileRef = 1E2698C022A12C56001F1FF9 /* SignInViewController.swift */; };
		1E2698C322A12C6C001F1FF9 /* SignUpViewController.swift in Sources */ = {isa = PBXBuildFile; fileRef = 1E2698C222A12C6C001F1FF9 /* SignUpViewController.swift */; };
		1E32AF7322A1E7CE00E0AD76 /* MenuTabsView.swift in Sources */ = {isa = PBXBuildFile; fileRef = 1E32AF7222A1E7CE00E0AD76 /* MenuTabsView.swift */; };
		1E3F67E422A46ABB00254665 /* SignUpCompleteViewController.swift in Sources */ = {isa = PBXBuildFile; fileRef = 1E3F67E322A46ABB00254665 /* SignUpCompleteViewController.swift */; };
		1E3F67E922A46B7400254665 /* Dashboard.storyboard in Resources */ = {isa = PBXBuildFile; fileRef = 1E3F67E822A46B7400254665 /* Dashboard.storyboard */; };
		1E4BE85622A07C9000BBD15D /* fa-brands-400.ttf in Resources */ = {isa = PBXBuildFile; fileRef = 1E4BE85422A07C9000BBD15D /* fa-brands-400.ttf */; };
		1E4BE85722A07C9000BBD15D /* fa-regular-400.ttf in Resources */ = {isa = PBXBuildFile; fileRef = 1E4BE85522A07C9000BBD15D /* fa-regular-400.ttf */; };
		1E4BE85A22A07FAB00BBD15D /* AuthenticationTextfield.swift in Sources */ = {isa = PBXBuildFile; fileRef = 1E4BE85922A07FAB00BBD15D /* AuthenticationTextfield.swift */; };
		1E4BE85D22A0809200BBD15D /* StyleManager.swift in Sources */ = {isa = PBXBuildFile; fileRef = 1E4BE85C22A0809200BBD15D /* StyleManager.swift */; };
		1E4BE86322A0871700BBD15D /* AuthenticationTextView.swift in Sources */ = {isa = PBXBuildFile; fileRef = 1E4BE86222A0871700BBD15D /* AuthenticationTextView.swift */; };
		1E4BE86522A11A3D00BBD15D /* README.md in Resources */ = {isa = PBXBuildFile; fileRef = 1E4BE86422A11A3D00BBD15D /* README.md */; };
		1E85670922A1473D00C33582 /* UILabelText.swift in Sources */ = {isa = PBXBuildFile; fileRef = 1E85670822A1473D00C33582 /* UILabelText.swift */; };
		1E85670B22A1474A00C33582 /* UILabelTitle.swift in Sources */ = {isa = PBXBuildFile; fileRef = 1E85670A22A1474A00C33582 /* UILabelTitle.swift */; };
		1E9668BA22A006B100BF89BB /* AuthenticationPresenter.swift in Sources */ = {isa = PBXBuildFile; fileRef = 1E9668B922A006B100BF89BB /* AuthenticationPresenter.swift */; };
		1EC56944229FFFA200715CAC /* AppDelegate.swift in Sources */ = {isa = PBXBuildFile; fileRef = 1EC56943229FFFA200715CAC /* AppDelegate.swift */; };
		1EC56946229FFFA200715CAC /* AuthenticationViewController.swift in Sources */ = {isa = PBXBuildFile; fileRef = 1EC56945229FFFA200715CAC /* AuthenticationViewController.swift */; };
		1EC56949229FFFA200715CAC /* Authentication.storyboard in Resources */ = {isa = PBXBuildFile; fileRef = 1EC56947229FFFA200715CAC /* Authentication.storyboard */; };
		1EC5694C229FFFA200715CAC /* Stone.xcdatamodeld in Sources */ = {isa = PBXBuildFile; fileRef = 1EC5694A229FFFA200715CAC /* Stone.xcdatamodeld */; };
		1EC5694E229FFFA300715CAC /* Assets.xcassets in Resources */ = {isa = PBXBuildFile; fileRef = 1EC5694D229FFFA300715CAC /* Assets.xcassets */; };
		1EC5695C229FFFA300715CAC /* StoneTests.swift in Sources */ = {isa = PBXBuildFile; fileRef = 1EC5695B229FFFA300715CAC /* StoneTests.swift */; };
		1EC56967229FFFA300715CAC /* StoneUITests.swift in Sources */ = {isa = PBXBuildFile; fileRef = 1EC56966229FFFA300715CAC /* StoneUITests.swift */; };
		1EC5697A22A0016D00715CAC /* User.swift in Sources */ = {isa = PBXBuildFile; fileRef = 1EC5697922A0016D00715CAC /* User.swift */; };
		1EC5698122A005D400715CAC /* LaunchScreen.storyboard in Resources */ = {isa = PBXBuildFile; fileRef = 1EC5698022A005D400715CAC /* LaunchScreen.storyboard */; };
		1EC5698322A0083200715CAC /* GoogleService-Info.plist in Resources */ = {isa = PBXBuildFile; fileRef = 1EC5698222A0083200715CAC /* GoogleService-Info.plist */; };
		1EC5698922A045B200715CAC /* StringToUIColor.swift in Sources */ = {isa = PBXBuildFile; fileRef = 1EC5698822A045B200715CAC /* StringToUIColor.swift */; };
		1EC5698F22A0480A00715CAC /* AuthenticationButton.swift in Sources */ = {isa = PBXBuildFile; fileRef = 1EC5698E22A0480A00715CAC /* AuthenticationButton.swift */; };
		921A79D446BBB36FDCF7FBB7 /* Pods_StoneTests.framework in Frameworks */ = {isa = PBXBuildFile; fileRef = 7E3E04A2D6AF1DED38401971 /* Pods_StoneTests.framework */; };
		C6C45DCBE7A7E53570BD2BC4 /* Pods_Stone.framework in Frameworks */ = {isa = PBXBuildFile; fileRef = 5414B5D3C0D07AE53F4A6E49 /* Pods_Stone.framework */; };
		C9AA0C97E1126EA92AA6BCCF /* Pods_StoneUITests.framework in Frameworks */ = {isa = PBXBuildFile; fileRef = 451032DC6147F2BA5500ECFC /* Pods_StoneUITests.framework */; };
/* End PBXBuildFile section */

/* Begin PBXContainerItemProxy section */
		1EC56958229FFFA300715CAC /* PBXContainerItemProxy */ = {
			isa = PBXContainerItemProxy;
			containerPortal = 1EC56938229FFFA200715CAC /* Project object */;
			proxyType = 1;
			remoteGlobalIDString = 1EC5693F229FFFA200715CAC;
			remoteInfo = Stone;
		};
		1EC56963229FFFA300715CAC /* PBXContainerItemProxy */ = {
			isa = PBXContainerItemProxy;
			containerPortal = 1EC56938229FFFA200715CAC /* Project object */;
			proxyType = 1;
			remoteGlobalIDString = 1EC5693F229FFFA200715CAC;
			remoteInfo = Stone;
		};
/* End PBXContainerItemProxy section */

/* Begin PBXFileReference section */
		1E2698C022A12C56001F1FF9 /* SignInViewController.swift */ = {isa = PBXFileReference; lastKnownFileType = sourcecode.swift; path = SignInViewController.swift; sourceTree = "<group>"; };
		1E2698C222A12C6C001F1FF9 /* SignUpViewController.swift */ = {isa = PBXFileReference; lastKnownFileType = sourcecode.swift; path = SignUpViewController.swift; sourceTree = "<group>"; };
		1E32AF7222A1E7CE00E0AD76 /* MenuTabsView.swift */ = {isa = PBXFileReference; lastKnownFileType = sourcecode.swift; path = MenuTabsView.swift; sourceTree = "<group>"; };
		1E3F67E322A46ABB00254665 /* SignUpCompleteViewController.swift */ = {isa = PBXFileReference; lastKnownFileType = sourcecode.swift; path = SignUpCompleteViewController.swift; sourceTree = "<group>"; };
		1E3F67E822A46B7400254665 /* Dashboard.storyboard */ = {isa = PBXFileReference; lastKnownFileType = file.storyboard; path = Dashboard.storyboard; sourceTree = "<group>"; };
		1E4BE85422A07C9000BBD15D /* fa-brands-400.ttf */ = {isa = PBXFileReference; lastKnownFileType = file; path = "fa-brands-400.ttf"; sourceTree = "<group>"; };
		1E4BE85522A07C9000BBD15D /* fa-regular-400.ttf */ = {isa = PBXFileReference; lastKnownFileType = file; path = "fa-regular-400.ttf"; sourceTree = "<group>"; };
		1E4BE85922A07FAB00BBD15D /* AuthenticationTextfield.swift */ = {isa = PBXFileReference; lastKnownFileType = sourcecode.swift; path = AuthenticationTextfield.swift; sourceTree = "<group>"; };
		1E4BE85C22A0809200BBD15D /* StyleManager.swift */ = {isa = PBXFileReference; lastKnownFileType = sourcecode.swift; path = StyleManager.swift; sourceTree = "<group>"; };
		1E4BE86222A0871700BBD15D /* AuthenticationTextView.swift */ = {isa = PBXFileReference; lastKnownFileType = sourcecode.swift; path = AuthenticationTextView.swift; sourceTree = "<group>"; };
		1E4BE86422A11A3D00BBD15D /* README.md */ = {isa = PBXFileReference; fileEncoding = 4; lastKnownFileType = net.daringfireball.markdown; name = README.md; path = ../README.md; sourceTree = "<group>"; };
		1E85670822A1473D00C33582 /* UILabelText.swift */ = {isa = PBXFileReference; lastKnownFileType = sourcecode.swift; path = UILabelText.swift; sourceTree = "<group>"; };
		1E85670A22A1474A00C33582 /* UILabelTitle.swift */ = {isa = PBXFileReference; lastKnownFileType = sourcecode.swift; path = UILabelTitle.swift; sourceTree = "<group>"; };
		1E9668B922A006B100BF89BB /* AuthenticationPresenter.swift */ = {isa = PBXFileReference; lastKnownFileType = sourcecode.swift; path = AuthenticationPresenter.swift; sourceTree = "<group>"; };
		1EC56940229FFFA200715CAC /* Stone.app */ = {isa = PBXFileReference; explicitFileType = wrapper.application; includeInIndex = 0; path = Stone.app; sourceTree = BUILT_PRODUCTS_DIR; };
		1EC56943229FFFA200715CAC /* AppDelegate.swift */ = {isa = PBXFileReference; lastKnownFileType = sourcecode.swift; path = AppDelegate.swift; sourceTree = "<group>"; };
		1EC56945229FFFA200715CAC /* AuthenticationViewController.swift */ = {isa = PBXFileReference; lastKnownFileType = sourcecode.swift; path = AuthenticationViewController.swift; sourceTree = "<group>"; };
		1EC56948229FFFA200715CAC /* Base */ = {isa = PBXFileReference; lastKnownFileType = file.storyboard; name = Base; path = Base.lproj/Authentication.storyboard; sourceTree = "<group>"; };
		1EC5694B229FFFA200715CAC /* Stone.xcdatamodel */ = {isa = PBXFileReference; lastKnownFileType = wrapper.xcdatamodel; path = Stone.xcdatamodel; sourceTree = "<group>"; };
		1EC5694D229FFFA300715CAC /* Assets.xcassets */ = {isa = PBXFileReference; lastKnownFileType = folder.assetcatalog; path = Assets.xcassets; sourceTree = "<group>"; };
		1EC56952229FFFA300715CAC /* Info.plist */ = {isa = PBXFileReference; lastKnownFileType = text.plist.xml; path = Info.plist; sourceTree = "<group>"; };
		1EC56957229FFFA300715CAC /* StoneTests.xctest */ = {isa = PBXFileReference; explicitFileType = wrapper.cfbundle; includeInIndex = 0; path = StoneTests.xctest; sourceTree = BUILT_PRODUCTS_DIR; };
		1EC5695B229FFFA300715CAC /* StoneTests.swift */ = {isa = PBXFileReference; lastKnownFileType = sourcecode.swift; path = StoneTests.swift; sourceTree = "<group>"; };
		1EC5695D229FFFA300715CAC /* Info.plist */ = {isa = PBXFileReference; lastKnownFileType = text.plist.xml; path = Info.plist; sourceTree = "<group>"; };
		1EC56962229FFFA300715CAC /* StoneUITests.xctest */ = {isa = PBXFileReference; explicitFileType = wrapper.cfbundle; includeInIndex = 0; path = StoneUITests.xctest; sourceTree = BUILT_PRODUCTS_DIR; };
		1EC56966229FFFA300715CAC /* StoneUITests.swift */ = {isa = PBXFileReference; lastKnownFileType = sourcecode.swift; path = StoneUITests.swift; sourceTree = "<group>"; };
		1EC56968229FFFA300715CAC /* Info.plist */ = {isa = PBXFileReference; lastKnownFileType = text.plist.xml; path = Info.plist; sourceTree = "<group>"; };
		1EC5697922A0016D00715CAC /* User.swift */ = {isa = PBXFileReference; lastKnownFileType = sourcecode.swift; path = User.swift; sourceTree = "<group>"; };
		1EC5698022A005D400715CAC /* LaunchScreen.storyboard */ = {isa = PBXFileReference; fileEncoding = 4; lastKnownFileType = file.storyboard; path = LaunchScreen.storyboard; sourceTree = "<group>"; };
		1EC5698222A0083200715CAC /* GoogleService-Info.plist */ = {isa = PBXFileReference; fileEncoding = 4; lastKnownFileType = text.plist.xml; path = "GoogleService-Info.plist"; sourceTree = "<group>"; };
		1EC5698822A045B200715CAC /* StringToUIColor.swift */ = {isa = PBXFileReference; lastKnownFileType = sourcecode.swift; path = StringToUIColor.swift; sourceTree = "<group>"; };
		1EC5698E22A0480A00715CAC /* AuthenticationButton.swift */ = {isa = PBXFileReference; lastKnownFileType = sourcecode.swift; path = AuthenticationButton.swift; sourceTree = "<group>"; };
		3B64EE138C355C59E0F8C435 /* Pods-Stone.debug.xcconfig */ = {isa = PBXFileReference; includeInIndex = 1; lastKnownFileType = text.xcconfig; name = "Pods-Stone.debug.xcconfig"; path = "Pods/Target Support Files/Pods-Stone/Pods-Stone.debug.xcconfig"; sourceTree = "<group>"; };
		451032DC6147F2BA5500ECFC /* Pods_StoneUITests.framework */ = {isa = PBXFileReference; explicitFileType = wrapper.framework; includeInIndex = 0; path = Pods_StoneUITests.framework; sourceTree = BUILT_PRODUCTS_DIR; };
		5414B5D3C0D07AE53F4A6E49 /* Pods_Stone.framework */ = {isa = PBXFileReference; explicitFileType = wrapper.framework; includeInIndex = 0; path = Pods_Stone.framework; sourceTree = BUILT_PRODUCTS_DIR; };
		7E3E04A2D6AF1DED38401971 /* Pods_StoneTests.framework */ = {isa = PBXFileReference; explicitFileType = wrapper.framework; includeInIndex = 0; path = Pods_StoneTests.framework; sourceTree = BUILT_PRODUCTS_DIR; };
		952414B2F23F021D41906CB0 /* Pods-StoneTests.release.xcconfig */ = {isa = PBXFileReference; includeInIndex = 1; lastKnownFileType = text.xcconfig; name = "Pods-StoneTests.release.xcconfig"; path = "Pods/Target Support Files/Pods-StoneTests/Pods-StoneTests.release.xcconfig"; sourceTree = "<group>"; };
		9F56D3D91BB31AAB1A909D82 /* Pods-StoneUITests.debug.xcconfig */ = {isa = PBXFileReference; includeInIndex = 1; lastKnownFileType = text.xcconfig; name = "Pods-StoneUITests.debug.xcconfig"; path = "Pods/Target Support Files/Pods-StoneUITests/Pods-StoneUITests.debug.xcconfig"; sourceTree = "<group>"; };
		BAEBC4625660FD35FD691C69 /* Pods-StoneUITests.release.xcconfig */ = {isa = PBXFileReference; includeInIndex = 1; lastKnownFileType = text.xcconfig; name = "Pods-StoneUITests.release.xcconfig"; path = "Pods/Target Support Files/Pods-StoneUITests/Pods-StoneUITests.release.xcconfig"; sourceTree = "<group>"; };
		D5EB1CAA64E73F4630C61A00 /* Pods-StoneTests.debug.xcconfig */ = {isa = PBXFileReference; includeInIndex = 1; lastKnownFileType = text.xcconfig; name = "Pods-StoneTests.debug.xcconfig"; path = "Pods/Target Support Files/Pods-StoneTests/Pods-StoneTests.debug.xcconfig"; sourceTree = "<group>"; };
		E5820DA0BDAAD2F59CAE0FFE /* Pods-Stone.release.xcconfig */ = {isa = PBXFileReference; includeInIndex = 1; lastKnownFileType = text.xcconfig; name = "Pods-Stone.release.xcconfig"; path = "Pods/Target Support Files/Pods-Stone/Pods-Stone.release.xcconfig"; sourceTree = "<group>"; };
/* End PBXFileReference section */

/* Begin PBXFrameworksBuildPhase section */
		1EC5693D229FFFA200715CAC /* Frameworks */ = {
			isa = PBXFrameworksBuildPhase;
			buildActionMask = 2147483647;
			files = (
				C6C45DCBE7A7E53570BD2BC4 /* Pods_Stone.framework in Frameworks */,
			);
			runOnlyForDeploymentPostprocessing = 0;
		};
		1EC56954229FFFA300715CAC /* Frameworks */ = {
			isa = PBXFrameworksBuildPhase;
			buildActionMask = 2147483647;
			files = (
				921A79D446BBB36FDCF7FBB7 /* Pods_StoneTests.framework in Frameworks */,
			);
			runOnlyForDeploymentPostprocessing = 0;
		};
		1EC5695F229FFFA300715CAC /* Frameworks */ = {
			isa = PBXFrameworksBuildPhase;
			buildActionMask = 2147483647;
			files = (
				C9AA0C97E1126EA92AA6BCCF /* Pods_StoneUITests.framework in Frameworks */,
			);
			runOnlyForDeploymentPostprocessing = 0;
		};
/* End PBXFrameworksBuildPhase section */

/* Begin PBXGroup section */
		1E32AF7122A1E7B900E0AD76 /* TMP */ = {
			isa = PBXGroup;
			children = (
				1E32AF7222A1E7CE00E0AD76 /* MenuTabsView.swift */,
			);
			path = TMP;
			sourceTree = "<group>";
		};
		1E3F67E522A46B5A00254665 /* Dashboard */ = {
			isa = PBXGroup;
			children = (
				1E3F67E722A46B6400254665 /* Storyboard */,
				1E3F67E622A46B6000254665 /* Styles */,
			);
			path = Dashboard;
			sourceTree = "<group>";
		};
		1E3F67E622A46B6000254665 /* Styles */ = {
			isa = PBXGroup;
			children = (
			);
			path = Styles;
			sourceTree = "<group>";
		};
		1E3F67E722A46B6400254665 /* Storyboard */ = {
			isa = PBXGroup;
			children = (
				1E3F67E822A46B7400254665 /* Dashboard.storyboard */,
			);
			path = Storyboard;
			sourceTree = "<group>";
		};
		1E4BE85322A07C8200BBD15D /* Fonts */ = {
			isa = PBXGroup;
			children = (
				1E4BE85422A07C9000BBD15D /* fa-brands-400.ttf */,
				1E4BE85522A07C9000BBD15D /* fa-regular-400.ttf */,
			);
			name = Fonts;
			path = "New Group";
			sourceTree = "<group>";
		};
		1E4BE85822A07F5A00BBD15D /* TextFields */ = {
			isa = PBXGroup;
			children = (
				1E4BE85922A07FAB00BBD15D /* AuthenticationTextfield.swift */,
			);
			path = TextFields;
			sourceTree = "<group>";
		};
		1E4BE85B22A0807F00BBD15D /* StyleManager */ = {
			isa = PBXGroup;
			children = (
				1E4BE85C22A0809200BBD15D /* StyleManager.swift */,
			);
			path = StyleManager;
			sourceTree = "<group>";
		};
		1E4BE85E22A084B900BBD15D /* Labels */ = {
			isa = PBXGroup;
			children = (
				1E85670822A1473D00C33582 /* UILabelText.swift */,
				1E85670A22A1474A00C33582 /* UILabelTitle.swift */,
			);
			path = Labels;
			sourceTree = "<group>";
		};
		1E4BE86122A0870200BBD15D /* Textview */ = {
			isa = PBXGroup;
			children = (
				1E4BE86222A0871700BBD15D /* AuthenticationTextView.swift */,
			);
			path = Textview;
			sourceTree = "<group>";
		};
		1E9668B622A0068C00BF89BB /* Presenter */ = {
			isa = PBXGroup;
			children = (
				1E9668B722A0069100BF89BB /* Authentication */,
			);
			path = Presenter;
			sourceTree = "<group>";
		};
		1E9668B722A0069100BF89BB /* Authentication */ = {
			isa = PBXGroup;
			children = (
				1E9668B922A006B100BF89BB /* AuthenticationPresenter.swift */,
			);
			path = Authentication;
			sourceTree = "<group>";
		};
		1EC56937229FFFA200715CAC = {
			isa = PBXGroup;
			children = (
				1E4BE86422A11A3D00BBD15D /* README.md */,
				1E32AF7122A1E7B900E0AD76 /* TMP */,
				1EC5698622A0459500715CAC /* Tools */,
				1E9668B622A0068C00BF89BB /* Presenter */,
				1EC5697722A0014400715CAC /* View */,
				1EC5697622A0013000715CAC /* Model */,
				1EC5697522A0012B00715CAC /* Controller */,
				1EC5697422A0010C00715CAC /* Managers */,
				1EC56942229FFFA200715CAC /* Stone */,
				1EC5695A229FFFA300715CAC /* StoneTests */,
				1EC56965229FFFA300715CAC /* StoneUITests */,
				1EC56941229FFFA200715CAC /* Products */,
				DDE5DF167538F6DB88F91BC3 /* Pods */,
				8534905E4D8BECABEDB1A08A /* Frameworks */,
			);
			sourceTree = "<group>";
		};
		1EC56941229FFFA200715CAC /* Products */ = {
			isa = PBXGroup;
			children = (
				1EC56940229FFFA200715CAC /* Stone.app */,
				1EC56957229FFFA300715CAC /* StoneTests.xctest */,
				1EC56962229FFFA300715CAC /* StoneUITests.xctest */,
			);
			name = Products;
			sourceTree = "<group>";
		};
		1EC56942229FFFA200715CAC /* Stone */ = {
			isa = PBXGroup;
			children = (
				1E4BE85322A07C8200BBD15D /* Fonts */,
				1EC5698022A005D400715CAC /* LaunchScreen.storyboard */,
				1EC5694D229FFFA300715CAC /* Assets.xcassets */,
				1EC56952229FFFA300715CAC /* Info.plist */,
				1EC5698222A0083200715CAC /* GoogleService-Info.plist */,
				1EC5694A229FFFA200715CAC /* Stone.xcdatamodeld */,
			);
			path = Stone;
			sourceTree = "<group>";
		};
		1EC5695A229FFFA300715CAC /* StoneTests */ = {
			isa = PBXGroup;
			children = (
				1EC5695B229FFFA300715CAC /* StoneTests.swift */,
				1EC5695D229FFFA300715CAC /* Info.plist */,
			);
			path = StoneTests;
			sourceTree = "<group>";
		};
		1EC56965229FFFA300715CAC /* StoneUITests */ = {
			isa = PBXGroup;
			children = (
				1EC56966229FFFA300715CAC /* StoneUITests.swift */,
				1EC56968229FFFA300715CAC /* Info.plist */,
			);
			path = StoneUITests;
			sourceTree = "<group>";
		};
		1EC5697422A0010C00715CAC /* Managers */ = {
			isa = PBXGroup;
			children = (
				1EC5697B22A003D800715CAC /* Delegates */,
			);
			path = Managers;
			sourceTree = "<group>";
		};
		1EC5697522A0012B00715CAC /* Controller */ = {
			isa = PBXGroup;
			children = (
				1EC5697C22A003F600715CAC /* Authentication */,
			);
			path = Controller;
			sourceTree = "<group>";
		};
		1EC5697622A0013000715CAC /* Model */ = {
			isa = PBXGroup;
			children = (
				1EC5697822A0016400715CAC /* User */,
			);
			path = Model;
			sourceTree = "<group>";
		};
		1EC5697722A0014400715CAC /* View */ = {
			isa = PBXGroup;
			children = (
				1E3F67E522A46B5A00254665 /* Dashboard */,
				1EC5697D22A0041900715CAC /* Authentication */,
			);
			path = View;
			sourceTree = "<group>";
		};
		1EC5697822A0016400715CAC /* User */ = {
			isa = PBXGroup;
			children = (
				1EC5697922A0016D00715CAC /* User.swift */,
			);
			path = User;
			sourceTree = "<group>";
		};
		1EC5697B22A003D800715CAC /* Delegates */ = {
			isa = PBXGroup;
			children = (
				1EC56943229FFFA200715CAC /* AppDelegate.swift */,
			);
			path = Delegates;
			sourceTree = "<group>";
		};
		1EC5697C22A003F600715CAC /* Authentication */ = {
			isa = PBXGroup;
			children = (
				1EC56945229FFFA200715CAC /* AuthenticationViewController.swift */,
				1E2698C022A12C56001F1FF9 /* SignInViewController.swift */,
				1E2698C222A12C6C001F1FF9 /* SignUpViewController.swift */,
				1E3F67E322A46ABB00254665 /* SignUpCompleteViewController.swift */,
			);
			path = Authentication;
			sourceTree = "<group>";
		};
		1EC5697D22A0041900715CAC /* Authentication */ = {
			isa = PBXGroup;
			children = (
				1EC5697F22A0043F00715CAC /* Styles */,
				1EC5697E22A0041D00715CAC /* Storyboard */,
			);
			path = Authentication;
			sourceTree = "<group>";
		};
		1EC5697E22A0041D00715CAC /* Storyboard */ = {
			isa = PBXGroup;
			children = (
				1EC56947229FFFA200715CAC /* Authentication.storyboard */,
			);
			path = Storyboard;
			sourceTree = "<group>";
		};
		1EC5697F22A0043F00715CAC /* Styles */ = {
			isa = PBXGroup;
			children = (
				1E4BE86122A0870200BBD15D /* Textview */,
				1E4BE85E22A084B900BBD15D /* Labels */,
				1E4BE85822A07F5A00BBD15D /* TextFields */,
				1EC5698D22A047F400715CAC /* Buttons */,
			);
			path = Styles;
			sourceTree = "<group>";
		};
		1EC5698622A0459500715CAC /* Tools */ = {
			isa = PBXGroup;
			children = (
				1E4BE85B22A0807F00BBD15D /* StyleManager */,
				1EC5698722A0459900715CAC /* UITools */,
			);
			path = Tools;
			sourceTree = "<group>";
		};
		1EC5698722A0459900715CAC /* UITools */ = {
			isa = PBXGroup;
			children = (
				1EC5698C22A047D800715CAC /* StringToUIColor */,
			);
			path = UITools;
			sourceTree = "<group>";
		};
		1EC5698C22A047D800715CAC /* StringToUIColor */ = {
			isa = PBXGroup;
			children = (
				1EC5698822A045B200715CAC /* StringToUIColor.swift */,
			);
			path = StringToUIColor;
			sourceTree = "<group>";
		};
		1EC5698D22A047F400715CAC /* Buttons */ = {
			isa = PBXGroup;
			children = (
				1EC5698E22A0480A00715CAC /* AuthenticationButton.swift */,
			);
			path = Buttons;
			sourceTree = "<group>";
		};
		8534905E4D8BECABEDB1A08A /* Frameworks */ = {
			isa = PBXGroup;
			children = (
				5414B5D3C0D07AE53F4A6E49 /* Pods_Stone.framework */,
				7E3E04A2D6AF1DED38401971 /* Pods_StoneTests.framework */,
				451032DC6147F2BA5500ECFC /* Pods_StoneUITests.framework */,
			);
			name = Frameworks;
			sourceTree = "<group>";
		};
		DDE5DF167538F6DB88F91BC3 /* Pods */ = {
			isa = PBXGroup;
			children = (
				3B64EE138C355C59E0F8C435 /* Pods-Stone.debug.xcconfig */,
				E5820DA0BDAAD2F59CAE0FFE /* Pods-Stone.release.xcconfig */,
				D5EB1CAA64E73F4630C61A00 /* Pods-StoneTests.debug.xcconfig */,
				952414B2F23F021D41906CB0 /* Pods-StoneTests.release.xcconfig */,
				9F56D3D91BB31AAB1A909D82 /* Pods-StoneUITests.debug.xcconfig */,
				BAEBC4625660FD35FD691C69 /* Pods-StoneUITests.release.xcconfig */,
			);
			name = Pods;
			sourceTree = "<group>";
		};
/* End PBXGroup section */

/* Begin PBXNativeTarget section */
		1EC5693F229FFFA200715CAC /* Stone */ = {
			isa = PBXNativeTarget;
			buildConfigurationList = 1EC5696B229FFFA300715CAC /* Build configuration list for PBXNativeTarget "Stone" */;
			buildPhases = (
				222DCB4A0806DFCF8604B884 /* [CP] Check Pods Manifest.lock */,
				1EC5693C229FFFA200715CAC /* Sources */,
				1EC5693D229FFFA200715CAC /* Frameworks */,
				1EC5693E229FFFA200715CAC /* Resources */,
				2C7A26DD6DCCDAD9D6E68896 /* [CP] Embed Pods Frameworks */,
				3ED9D7DB5B2BBE1B1D84346F /* [CP] Copy Pods Resources */,
			);
			buildRules = (
			);
			dependencies = (
			);
			name = Stone;
			productName = Stone;
			productReference = 1EC56940229FFFA200715CAC /* Stone.app */;
			productType = "com.apple.product-type.application";
		};
		1EC56956229FFFA300715CAC /* StoneTests */ = {
			isa = PBXNativeTarget;
			buildConfigurationList = 1EC5696E229FFFA300715CAC /* Build configuration list for PBXNativeTarget "StoneTests" */;
			buildPhases = (
				22275090719C08EAAB17AAEC /* [CP] Check Pods Manifest.lock */,
				1EC56953229FFFA300715CAC /* Sources */,
				1EC56954229FFFA300715CAC /* Frameworks */,
				1EC56955229FFFA300715CAC /* Resources */,
				5B152D5F649C34DA20C0A026 /* [CP] Embed Pods Frameworks */,
				EF97C0778600AD85DF4617FA /* [CP] Copy Pods Resources */,
			);
			buildRules = (
			);
			dependencies = (
				1EC56959229FFFA300715CAC /* PBXTargetDependency */,
			);
			name = StoneTests;
			productName = StoneTests;
			productReference = 1EC56957229FFFA300715CAC /* StoneTests.xctest */;
			productType = "com.apple.product-type.bundle.unit-test";
		};
		1EC56961229FFFA300715CAC /* StoneUITests */ = {
			isa = PBXNativeTarget;
			buildConfigurationList = 1EC56971229FFFA300715CAC /* Build configuration list for PBXNativeTarget "StoneUITests" */;
			buildPhases = (
				71D492A8A1F9E8490CF2389A /* [CP] Check Pods Manifest.lock */,
				1EC5695E229FFFA300715CAC /* Sources */,
				1EC5695F229FFFA300715CAC /* Frameworks */,
				1EC56960229FFFA300715CAC /* Resources */,
				AB4995BCC764C49A36CD77BB /* [CP] Embed Pods Frameworks */,
				77D38B39703E973F09F24A3D /* [CP] Copy Pods Resources */,
			);
			buildRules = (
			);
			dependencies = (
				1EC56964229FFFA300715CAC /* PBXTargetDependency */,
			);
			name = StoneUITests;
			productName = StoneUITests;
			productReference = 1EC56962229FFFA300715CAC /* StoneUITests.xctest */;
			productType = "com.apple.product-type.bundle.ui-testing";
		};
/* End PBXNativeTarget section */

/* Begin PBXProject section */
		1EC56938229FFFA200715CAC /* Project object */ = {
			isa = PBXProject;
			attributes = {
				LastSwiftUpdateCheck = 1010;
				LastUpgradeCheck = 1010;
				ORGANIZATIONNAME = "Thomas Martins";
				TargetAttributes = {
					1EC5693F229FFFA200715CAC = {
						CreatedOnToolsVersion = 10.1;
					};
					1EC56956229FFFA300715CAC = {
						CreatedOnToolsVersion = 10.1;
						TestTargetID = 1EC5693F229FFFA200715CAC;
					};
					1EC56961229FFFA300715CAC = {
						CreatedOnToolsVersion = 10.1;
						TestTargetID = 1EC5693F229FFFA200715CAC;
					};
				};
			};
			buildConfigurationList = 1EC5693B229FFFA200715CAC /* Build configuration list for PBXProject "Stone" */;
			compatibilityVersion = "Xcode 9.3";
			developmentRegion = en;
			hasScannedForEncodings = 0;
			knownRegions = (
				en,
				Base,
			);
			mainGroup = 1EC56937229FFFA200715CAC;
			productRefGroup = 1EC56941229FFFA200715CAC /* Products */;
			projectDirPath = "";
			projectRoot = "";
			targets = (
				1EC5693F229FFFA200715CAC /* Stone */,
				1EC56956229FFFA300715CAC /* StoneTests */,
				1EC56961229FFFA300715CAC /* StoneUITests */,
			);
		};
/* End PBXProject section */

/* Begin PBXResourcesBuildPhase section */
		1EC5693E229FFFA200715CAC /* Resources */ = {
			isa = PBXResourcesBuildPhase;
			buildActionMask = 2147483647;
			files = (
				1EC5698122A005D400715CAC /* LaunchScreen.storyboard in Resources */,
				1EC5698322A0083200715CAC /* GoogleService-Info.plist in Resources */,
				1EC5694E229FFFA300715CAC /* Assets.xcassets in Resources */,
				1E3F67E922A46B7400254665 /* Dashboard.storyboard in Resources */,
				1E4BE86522A11A3D00BBD15D /* README.md in Resources */,
				1E4BE85722A07C9000BBD15D /* fa-regular-400.ttf in Resources */,
				1E4BE85622A07C9000BBD15D /* fa-brands-400.ttf in Resources */,
				1EC56949229FFFA200715CAC /* Authentication.storyboard in Resources */,
			);
			runOnlyForDeploymentPostprocessing = 0;
		};
		1EC56955229FFFA300715CAC /* Resources */ = {
			isa = PBXResourcesBuildPhase;
			buildActionMask = 2147483647;
			files = (
			);
			runOnlyForDeploymentPostprocessing = 0;
		};
		1EC56960229FFFA300715CAC /* Resources */ = {
			isa = PBXResourcesBuildPhase;
			buildActionMask = 2147483647;
			files = (
			);
			runOnlyForDeploymentPostprocessing = 0;
		};
/* End PBXResourcesBuildPhase section */

/* Begin PBXShellScriptBuildPhase section */
		22275090719C08EAAB17AAEC /* [CP] Check Pods Manifest.lock */ = {
			isa = PBXShellScriptBuildPhase;
			buildActionMask = 2147483647;
			files = (
			);
			inputPaths = (
				"${PODS_PODFILE_DIR_PATH}/Podfile.lock",
				"${PODS_ROOT}/Manifest.lock",
			);
			name = "[CP] Check Pods Manifest.lock";
			outputPaths = (
				"$(DERIVED_FILE_DIR)/Pods-StoneTests-checkManifestLockResult.txt",
			);
			runOnlyForDeploymentPostprocessing = 0;
			shellPath = /bin/sh;
			shellScript = "diff \"${PODS_PODFILE_DIR_PATH}/Podfile.lock\" \"${PODS_ROOT}/Manifest.lock\" > /dev/null\nif [ $? != 0 ] ; then\n    # print error to STDERR\n    echo \"error: The sandbox is not in sync with the Podfile.lock. Run 'pod install' or update your CocoaPods installation.\" >&2\n    exit 1\nfi\n# This output is used by Xcode 'outputs' to avoid re-running this script phase.\necho \"SUCCESS\" > \"${SCRIPT_OUTPUT_FILE_0}\"\n";
			showEnvVarsInLog = 0;
		};
		222DCB4A0806DFCF8604B884 /* [CP] Check Pods Manifest.lock */ = {
			isa = PBXShellScriptBuildPhase;
			buildActionMask = 2147483647;
			files = (
			);
			inputPaths = (
				"${PODS_PODFILE_DIR_PATH}/Podfile.lock",
				"${PODS_ROOT}/Manifest.lock",
			);
			name = "[CP] Check Pods Manifest.lock";
			outputPaths = (
				"$(DERIVED_FILE_DIR)/Pods-Stone-checkManifestLockResult.txt",
			);
			runOnlyForDeploymentPostprocessing = 0;
			shellPath = /bin/sh;
			shellScript = "diff \"${PODS_PODFILE_DIR_PATH}/Podfile.lock\" \"${PODS_ROOT}/Manifest.lock\" > /dev/null\nif [ $? != 0 ] ; then\n    # print error to STDERR\n    echo \"error: The sandbox is not in sync with the Podfile.lock. Run 'pod install' or update your CocoaPods installation.\" >&2\n    exit 1\nfi\n# This output is used by Xcode 'outputs' to avoid re-running this script phase.\necho \"SUCCESS\" > \"${SCRIPT_OUTPUT_FILE_0}\"\n";
			showEnvVarsInLog = 0;
		};
		2C7A26DD6DCCDAD9D6E68896 /* [CP] Embed Pods Frameworks */ = {
			isa = PBXShellScriptBuildPhase;
			buildActionMask = 2147483647;
			files = (
			);
			inputPaths = (
				"${SRCROOT}/Pods/Target Support Files/Pods-Stone/Pods-Stone-frameworks.sh",
				"${BUILT_PRODUCTS_DIR}/GTMSessionFetcher/GTMSessionFetcher.framework",
				"${BUILT_PRODUCTS_DIR}/GoogleUtilities/GoogleUtilities.framework",
				"${BUILT_PRODUCTS_DIR}/leveldb-library/leveldb.framework",
				"${BUILT_PRODUCTS_DIR}/nanopb/nanopb.framework",
			);
			name = "[CP] Embed Pods Frameworks";
			outputPaths = (
				"${TARGET_BUILD_DIR}/${FRAMEWORKS_FOLDER_PATH}/GTMSessionFetcher.framework",
				"${TARGET_BUILD_DIR}/${FRAMEWORKS_FOLDER_PATH}/GoogleUtilities.framework",
				"${TARGET_BUILD_DIR}/${FRAMEWORKS_FOLDER_PATH}/leveldb.framework",
				"${TARGET_BUILD_DIR}/${FRAMEWORKS_FOLDER_PATH}/nanopb.framework",
			);
			runOnlyForDeploymentPostprocessing = 0;
			shellPath = /bin/sh;
			shellScript = "\"${SRCROOT}/Pods/Target Support Files/Pods-Stone/Pods-Stone-frameworks.sh\"\n";
			showEnvVarsInLog = 0;
		};
		3ED9D7DB5B2BBE1B1D84346F /* [CP] Copy Pods Resources */ = {
			isa = PBXShellScriptBuildPhase;
			buildActionMask = 2147483647;
			files = (
			);
			inputPaths = (
				"${SRCROOT}/Pods/Target Support Files/Pods-Stone/Pods-Stone-resources.sh",
				"${PODS_CONFIGURATION_BUILD_DIR}/FirebaseUI/FirebaseAuthUI.bundle",
			);
			name = "[CP] Copy Pods Resources";
			outputPaths = (
				"${TARGET_BUILD_DIR}/${UNLOCALIZED_RESOURCES_FOLDER_PATH}/FirebaseAuthUI.bundle",
			);
			runOnlyForDeploymentPostprocessing = 0;
			shellPath = /bin/sh;
			shellScript = "\"${SRCROOT}/Pods/Target Support Files/Pods-Stone/Pods-Stone-resources.sh\"\n";
			showEnvVarsInLog = 0;
		};
		5B152D5F649C34DA20C0A026 /* [CP] Embed Pods Frameworks */ = {
			isa = PBXShellScriptBuildPhase;
			buildActionMask = 2147483647;
			files = (
			);
			inputPaths = (
			);
			name = "[CP] Embed Pods Frameworks";
			outputPaths = (
			);
			runOnlyForDeploymentPostprocessing = 0;
			shellPath = /bin/sh;
			shellScript = "\"${SRCROOT}/Pods/Target Support Files/Pods-StoneTests/Pods-StoneTests-frameworks.sh\"\n";
			showEnvVarsInLog = 0;
		};
		71D492A8A1F9E8490CF2389A /* [CP] Check Pods Manifest.lock */ = {
			isa = PBXShellScriptBuildPhase;
			buildActionMask = 2147483647;
			files = (
			);
			inputPaths = (
				"${PODS_PODFILE_DIR_PATH}/Podfile.lock",
				"${PODS_ROOT}/Manifest.lock",
			);
			name = "[CP] Check Pods Manifest.lock";
			outputPaths = (
				"$(DERIVED_FILE_DIR)/Pods-StoneUITests-checkManifestLockResult.txt",
			);
			runOnlyForDeploymentPostprocessing = 0;
			shellPath = /bin/sh;
			shellScript = "diff \"${PODS_PODFILE_DIR_PATH}/Podfile.lock\" \"${PODS_ROOT}/Manifest.lock\" > /dev/null\nif [ $? != 0 ] ; then\n    # print error to STDERR\n    echo \"error: The sandbox is not in sync with the Podfile.lock. Run 'pod install' or update your CocoaPods installation.\" >&2\n    exit 1\nfi\n# This output is used by Xcode 'outputs' to avoid re-running this script phase.\necho \"SUCCESS\" > \"${SCRIPT_OUTPUT_FILE_0}\"\n";
			showEnvVarsInLog = 0;
		};
		77D38B39703E973F09F24A3D /* [CP] Copy Pods Resources */ = {
			isa = PBXShellScriptBuildPhase;
			buildActionMask = 2147483647;
			files = (
			);
			inputPaths = (
			);
			name = "[CP] Copy Pods Resources";
			outputPaths = (
			);
			runOnlyForDeploymentPostprocessing = 0;
			shellPath = /bin/sh;
			shellScript = "\"${SRCROOT}/Pods/Target Support Files/Pods-StoneUITests/Pods-StoneUITests-resources.sh\"\n";
			showEnvVarsInLog = 0;
		};
		AB4995BCC764C49A36CD77BB /* [CP] Embed Pods Frameworks */ = {
			isa = PBXShellScriptBuildPhase;
			buildActionMask = 2147483647;
			files = (
			);
			inputPaths = (
			);
			name = "[CP] Embed Pods Frameworks";
			outputPaths = (
			);
			runOnlyForDeploymentPostprocessing = 0;
			shellPath = /bin/sh;
			shellScript = "\"${SRCROOT}/Pods/Target Support Files/Pods-StoneUITests/Pods-StoneUITests-frameworks.sh\"\n";
			showEnvVarsInLog = 0;
		};
		EF97C0778600AD85DF4617FA /* [CP] Copy Pods Resources */ = {
			isa = PBXShellScriptBuildPhase;
			buildActionMask = 2147483647;
			files = (
			);
			inputPaths = (
			);
			name = "[CP] Copy Pods Resources";
			outputPaths = (
			);
			runOnlyForDeploymentPostprocessing = 0;
			shellPath = /bin/sh;
			shellScript = "\"${SRCROOT}/Pods/Target Support Files/Pods-StoneTests/Pods-StoneTests-resources.sh\"\n";
			showEnvVarsInLog = 0;
		};
/* End PBXShellScriptBuildPhase section */

/* Begin PBXSourcesBuildPhase section */
		1EC5693C229FFFA200715CAC /* Sources */ = {
			isa = PBXSourcesBuildPhase;
			buildActionMask = 2147483647;
			files = (
				1EC5697A22A0016D00715CAC /* User.swift in Sources */,
				1E4BE85A22A07FAB00BBD15D /* AuthenticationTextfield.swift in Sources */,
				1EC5694C229FFFA200715CAC /* Stone.xcdatamodeld in Sources */,
				1E85670B22A1474A00C33582 /* UILabelTitle.swift in Sources */,
				1EC5698F22A0480A00715CAC /* AuthenticationButton.swift in Sources */,
				1E9668BA22A006B100BF89BB /* AuthenticationPresenter.swift in Sources */,
				1E4BE85D22A0809200BBD15D /* StyleManager.swift in Sources */,
				1E3F67E422A46ABB00254665 /* SignUpCompleteViewController.swift in Sources */,
				1EC56946229FFFA200715CAC /* AuthenticationViewController.swift in Sources */,
				1E2698C122A12C56001F1FF9 /* SignInViewController.swift in Sources */,
				1E85670922A1473D00C33582 /* UILabelText.swift in Sources */,
				1E32AF7322A1E7CE00E0AD76 /* MenuTabsView.swift in Sources */,
				1EC56944229FFFA200715CAC /* AppDelegate.swift in Sources */,
				1E4BE86322A0871700BBD15D /* AuthenticationTextView.swift in Sources */,
				1E2698C322A12C6C001F1FF9 /* SignUpViewController.swift in Sources */,
				1EC5698922A045B200715CAC /* StringToUIColor.swift in Sources */,
			);
			runOnlyForDeploymentPostprocessing = 0;
		};
		1EC56953229FFFA300715CAC /* Sources */ = {
			isa = PBXSourcesBuildPhase;
			buildActionMask = 2147483647;
			files = (
				1EC5695C229FFFA300715CAC /* StoneTests.swift in Sources */,
			);
			runOnlyForDeploymentPostprocessing = 0;
		};
		1EC5695E229FFFA300715CAC /* Sources */ = {
			isa = PBXSourcesBuildPhase;
			buildActionMask = 2147483647;
			files = (
				1EC56967229FFFA300715CAC /* StoneUITests.swift in Sources */,
			);
			runOnlyForDeploymentPostprocessing = 0;
		};
/* End PBXSourcesBuildPhase section */

/* Begin PBXTargetDependency section */
		1EC56959229FFFA300715CAC /* PBXTargetDependency */ = {
			isa = PBXTargetDependency;
			target = 1EC5693F229FFFA200715CAC /* Stone */;
			targetProxy = 1EC56958229FFFA300715CAC /* PBXContainerItemProxy */;
		};
		1EC56964229FFFA300715CAC /* PBXTargetDependency */ = {
			isa = PBXTargetDependency;
			target = 1EC5693F229FFFA200715CAC /* Stone */;
			targetProxy = 1EC56963229FFFA300715CAC /* PBXContainerItemProxy */;
		};
/* End PBXTargetDependency section */

/* Begin PBXVariantGroup section */
		1EC56947229FFFA200715CAC /* Authentication.storyboard */ = {
			isa = PBXVariantGroup;
			children = (
				1EC56948229FFFA200715CAC /* Base */,
			);
			name = Authentication.storyboard;
			sourceTree = "<group>";
		};
/* End PBXVariantGroup section */

/* Begin XCBuildConfiguration section */
		1EC56969229FFFA300715CAC /* Debug */ = {
			isa = XCBuildConfiguration;
			buildSettings = {
				ALWAYS_SEARCH_USER_PATHS = NO;
				CLANG_ANALYZER_NONNULL = YES;
				CLANG_ANALYZER_NUMBER_OBJECT_CONVERSION = YES_AGGRESSIVE;
				CLANG_CXX_LANGUAGE_STANDARD = "gnu++14";
				CLANG_CXX_LIBRARY = "libc++";
				CLANG_ENABLE_MODULES = YES;
				CLANG_ENABLE_OBJC_ARC = YES;
				CLANG_ENABLE_OBJC_WEAK = YES;
				CLANG_WARN_BLOCK_CAPTURE_AUTORELEASING = YES;
				CLANG_WARN_BOOL_CONVERSION = YES;
				CLANG_WARN_COMMA = YES;
				CLANG_WARN_CONSTANT_CONVERSION = YES;
				CLANG_WARN_DEPRECATED_OBJC_IMPLEMENTATIONS = YES;
				CLANG_WARN_DIRECT_OBJC_ISA_USAGE = YES_ERROR;
				CLANG_WARN_DOCUMENTATION_COMMENTS = YES;
				CLANG_WARN_EMPTY_BODY = YES;
				CLANG_WARN_ENUM_CONVERSION = YES;
				CLANG_WARN_INFINITE_RECURSION = YES;
				CLANG_WARN_INT_CONVERSION = YES;
				CLANG_WARN_NON_LITERAL_NULL_CONVERSION = YES;
				CLANG_WARN_OBJC_IMPLICIT_RETAIN_SELF = YES;
				CLANG_WARN_OBJC_LITERAL_CONVERSION = YES;
				CLANG_WARN_OBJC_ROOT_CLASS = YES_ERROR;
				CLANG_WARN_RANGE_LOOP_ANALYSIS = YES;
				CLANG_WARN_STRICT_PROTOTYPES = YES;
				CLANG_WARN_SUSPICIOUS_MOVE = YES;
				CLANG_WARN_UNGUARDED_AVAILABILITY = YES_AGGRESSIVE;
				CLANG_WARN_UNREACHABLE_CODE = YES;
				CLANG_WARN__DUPLICATE_METHOD_MATCH = YES;
				CODE_SIGN_IDENTITY = "iPhone Developer";
				COPY_PHASE_STRIP = NO;
				DEBUG_INFORMATION_FORMAT = dwarf;
				ENABLE_STRICT_OBJC_MSGSEND = YES;
				ENABLE_TESTABILITY = YES;
				GCC_C_LANGUAGE_STANDARD = gnu11;
				GCC_DYNAMIC_NO_PIC = NO;
				GCC_NO_COMMON_BLOCKS = YES;
				GCC_OPTIMIZATION_LEVEL = 0;
				GCC_PREPROCESSOR_DEFINITIONS = (
					"DEBUG=1",
					"$(inherited)",
				);
				GCC_WARN_64_TO_32_BIT_CONVERSION = YES;
				GCC_WARN_ABOUT_RETURN_TYPE = YES_ERROR;
				GCC_WARN_UNDECLARED_SELECTOR = YES;
				GCC_WARN_UNINITIALIZED_AUTOS = YES_AGGRESSIVE;
				GCC_WARN_UNUSED_FUNCTION = YES;
				GCC_WARN_UNUSED_VARIABLE = YES;
				IPHONEOS_DEPLOYMENT_TARGET = 12.1;
				MTL_ENABLE_DEBUG_INFO = INCLUDE_SOURCE;
				MTL_FAST_MATH = YES;
				ONLY_ACTIVE_ARCH = YES;
				SDKROOT = iphoneos;
				SWIFT_ACTIVE_COMPILATION_CONDITIONS = DEBUG;
				SWIFT_OPTIMIZATION_LEVEL = "-Onone";
			};
			name = Debug;
		};
		1EC5696A229FFFA300715CAC /* Release */ = {
			isa = XCBuildConfiguration;
			buildSettings = {
				ALWAYS_SEARCH_USER_PATHS = NO;
				CLANG_ANALYZER_NONNULL = YES;
				CLANG_ANALYZER_NUMBER_OBJECT_CONVERSION = YES_AGGRESSIVE;
				CLANG_CXX_LANGUAGE_STANDARD = "gnu++14";
				CLANG_CXX_LIBRARY = "libc++";
				CLANG_ENABLE_MODULES = YES;
				CLANG_ENABLE_OBJC_ARC = YES;
				CLANG_ENABLE_OBJC_WEAK = YES;
				CLANG_WARN_BLOCK_CAPTURE_AUTORELEASING = YES;
				CLANG_WARN_BOOL_CONVERSION = YES;
				CLANG_WARN_COMMA = YES;
				CLANG_WARN_CONSTANT_CONVERSION = YES;
				CLANG_WARN_DEPRECATED_OBJC_IMPLEMENTATIONS = YES;
				CLANG_WARN_DIRECT_OBJC_ISA_USAGE = YES_ERROR;
				CLANG_WARN_DOCUMENTATION_COMMENTS = YES;
				CLANG_WARN_EMPTY_BODY = YES;
				CLANG_WARN_ENUM_CONVERSION = YES;
				CLANG_WARN_INFINITE_RECURSION = YES;
				CLANG_WARN_INT_CONVERSION = YES;
				CLANG_WARN_NON_LITERAL_NULL_CONVERSION = YES;
				CLANG_WARN_OBJC_IMPLICIT_RETAIN_SELF = YES;
				CLANG_WARN_OBJC_LITERAL_CONVERSION = YES;
				CLANG_WARN_OBJC_ROOT_CLASS = YES_ERROR;
				CLANG_WARN_RANGE_LOOP_ANALYSIS = YES;
				CLANG_WARN_STRICT_PROTOTYPES = YES;
				CLANG_WARN_SUSPICIOUS_MOVE = YES;
				CLANG_WARN_UNGUARDED_AVAILABILITY = YES_AGGRESSIVE;
				CLANG_WARN_UNREACHABLE_CODE = YES;
				CLANG_WARN__DUPLICATE_METHOD_MATCH = YES;
				CODE_SIGN_IDENTITY = "iPhone Developer";
				COPY_PHASE_STRIP = NO;
				DEBUG_INFORMATION_FORMAT = "dwarf-with-dsym";
				ENABLE_NS_ASSERTIONS = NO;
				ENABLE_STRICT_OBJC_MSGSEND = YES;
				GCC_C_LANGUAGE_STANDARD = gnu11;
				GCC_NO_COMMON_BLOCKS = YES;
				GCC_WARN_64_TO_32_BIT_CONVERSION = YES;
				GCC_WARN_ABOUT_RETURN_TYPE = YES_ERROR;
				GCC_WARN_UNDECLARED_SELECTOR = YES;
				GCC_WARN_UNINITIALIZED_AUTOS = YES_AGGRESSIVE;
				GCC_WARN_UNUSED_FUNCTION = YES;
				GCC_WARN_UNUSED_VARIABLE = YES;
				IPHONEOS_DEPLOYMENT_TARGET = 12.1;
				MTL_ENABLE_DEBUG_INFO = NO;
				MTL_FAST_MATH = YES;
				SDKROOT = iphoneos;
				SWIFT_COMPILATION_MODE = wholemodule;
				SWIFT_OPTIMIZATION_LEVEL = "-O";
				VALIDATE_PRODUCT = YES;
			};
			name = Release;
		};
		1EC5696C229FFFA300715CAC /* Debug */ = {
			isa = XCBuildConfiguration;
			baseConfigurationReference = 3B64EE138C355C59E0F8C435 /* Pods-Stone.debug.xcconfig */;
			buildSettings = {
				ASSETCATALOG_COMPILER_APPICON_NAME = AppIcon;
				CODE_SIGN_STYLE = Automatic;
				DEVELOPMENT_TEAM = Z4PP64MVBM;
				INFOPLIST_FILE = Stone/Info.plist;
				LD_RUNPATH_SEARCH_PATHS = (
					"$(inherited)",
					"@executable_path/Frameworks",
				);
				PRODUCT_BUNDLE_IDENTIFIER = Stone.Stone.Stone;
				PRODUCT_NAME = "$(TARGET_NAME)";
				SWIFT_VERSION = 4.2;
				TARGETED_DEVICE_FAMILY = "1,2";
			};
			name = Debug;
		};
		1EC5696D229FFFA300715CAC /* Release */ = {
			isa = XCBuildConfiguration;
			baseConfigurationReference = E5820DA0BDAAD2F59CAE0FFE /* Pods-Stone.release.xcconfig */;
			buildSettings = {
				ASSETCATALOG_COMPILER_APPICON_NAME = AppIcon;
				CODE_SIGN_STYLE = Automatic;
				DEVELOPMENT_TEAM = Z4PP64MVBM;
				INFOPLIST_FILE = Stone/Info.plist;
				LD_RUNPATH_SEARCH_PATHS = (
					"$(inherited)",
					"@executable_path/Frameworks",
				);
				PRODUCT_BUNDLE_IDENTIFIER = Stone.Stone.Stone;
				PRODUCT_NAME = "$(TARGET_NAME)";
				SWIFT_VERSION = 4.2;
				TARGETED_DEVICE_FAMILY = "1,2";
			};
			name = Release;
		};
		1EC5696F229FFFA300715CAC /* Debug */ = {
			isa = XCBuildConfiguration;
			baseConfigurationReference = D5EB1CAA64E73F4630C61A00 /* Pods-StoneTests.debug.xcconfig */;
			buildSettings = {
				ALWAYS_EMBED_SWIFT_STANDARD_LIBRARIES = YES;
				BUNDLE_LOADER = "$(TEST_HOST)";
				CODE_SIGN_STYLE = Automatic;
				DEVELOPMENT_TEAM = 7F4ML7J3E2;
				INFOPLIST_FILE = StoneTests/Info.plist;
				LD_RUNPATH_SEARCH_PATHS = (
					"$(inherited)",
					"@executable_path/Frameworks",
					"@loader_path/Frameworks",
				);
				PRODUCT_BUNDLE_IDENTIFIER = Stone.StoneTests;
				PRODUCT_NAME = "$(TARGET_NAME)";
				SWIFT_VERSION = 4.2;
				TARGETED_DEVICE_FAMILY = "1,2";
				TEST_HOST = "$(BUILT_PRODUCTS_DIR)/Stone.app/Stone";
			};
			name = Debug;
		};
		1EC56970229FFFA300715CAC /* Release */ = {
			isa = XCBuildConfiguration;
			baseConfigurationReference = 952414B2F23F021D41906CB0 /* Pods-StoneTests.release.xcconfig */;
			buildSettings = {
				ALWAYS_EMBED_SWIFT_STANDARD_LIBRARIES = YES;
				BUNDLE_LOADER = "$(TEST_HOST)";
				CODE_SIGN_STYLE = Automatic;
				DEVELOPMENT_TEAM = 7F4ML7J3E2;
				INFOPLIST_FILE = StoneTests/Info.plist;
				LD_RUNPATH_SEARCH_PATHS = (
					"$(inherited)",
					"@executable_path/Frameworks",
					"@loader_path/Frameworks",
				);
				PRODUCT_BUNDLE_IDENTIFIER = Stone.StoneTests;
				PRODUCT_NAME = "$(TARGET_NAME)";
				SWIFT_VERSION = 4.2;
				TARGETED_DEVICE_FAMILY = "1,2";
				TEST_HOST = "$(BUILT_PRODUCTS_DIR)/Stone.app/Stone";
			};
			name = Release;
		};
		1EC56972229FFFA300715CAC /* Debug */ = {
			isa = XCBuildConfiguration;
			baseConfigurationReference = 9F56D3D91BB31AAB1A909D82 /* Pods-StoneUITests.debug.xcconfig */;
			buildSettings = {
				ALWAYS_EMBED_SWIFT_STANDARD_LIBRARIES = YES;
				CODE_SIGN_STYLE = Automatic;
				DEVELOPMENT_TEAM = 7F4ML7J3E2;
				INFOPLIST_FILE = StoneUITests/Info.plist;
				LD_RUNPATH_SEARCH_PATHS = (
					"$(inherited)",
					"@executable_path/Frameworks",
					"@loader_path/Frameworks",
				);
				PRODUCT_BUNDLE_IDENTIFIER = Stone.StoneUITests;
				PRODUCT_NAME = "$(TARGET_NAME)";
				SWIFT_VERSION = 4.2;
				TARGETED_DEVICE_FAMILY = "1,2";
				TEST_TARGET_NAME = Stone;
			};
			name = Debug;
		};
		1EC56973229FFFA300715CAC /* Release */ = {
			isa = XCBuildConfiguration;
			baseConfigurationReference = BAEBC4625660FD35FD691C69 /* Pods-StoneUITests.release.xcconfig */;
			buildSettings = {
				ALWAYS_EMBED_SWIFT_STANDARD_LIBRARIES = YES;
				CODE_SIGN_STYLE = Automatic;
				DEVELOPMENT_TEAM = 7F4ML7J3E2;
				INFOPLIST_FILE = StoneUITests/Info.plist;
				LD_RUNPATH_SEARCH_PATHS = (
					"$(inherited)",
					"@executable_path/Frameworks",
					"@loader_path/Frameworks",
				);
				PRODUCT_BUNDLE_IDENTIFIER = Stone.StoneUITests;
				PRODUCT_NAME = "$(TARGET_NAME)";
				SWIFT_VERSION = 4.2;
				TARGETED_DEVICE_FAMILY = "1,2";
				TEST_TARGET_NAME = Stone;
			};
			name = Release;
		};
/* End XCBuildConfiguration section */

/* Begin XCConfigurationList section */
		1EC5693B229FFFA200715CAC /* Build configuration list for PBXProject "Stone" */ = {
			isa = XCConfigurationList;
			buildConfigurations = (
				1EC56969229FFFA300715CAC /* Debug */,
				1EC5696A229FFFA300715CAC /* Release */,
			);
			defaultConfigurationIsVisible = 0;
			defaultConfigurationName = Release;
		};
		1EC5696B229FFFA300715CAC /* Build configuration list for PBXNativeTarget "Stone" */ = {
			isa = XCConfigurationList;
			buildConfigurations = (
				1EC5696C229FFFA300715CAC /* Debug */,
				1EC5696D229FFFA300715CAC /* Release */,
			);
			defaultConfigurationIsVisible = 0;
			defaultConfigurationName = Release;
		};
		1EC5696E229FFFA300715CAC /* Build configuration list for PBXNativeTarget "StoneTests" */ = {
			isa = XCConfigurationList;
			buildConfigurations = (
				1EC5696F229FFFA300715CAC /* Debug */,
				1EC56970229FFFA300715CAC /* Release */,
			);
			defaultConfigurationIsVisible = 0;
			defaultConfigurationName = Release;
		};
		1EC56971229FFFA300715CAC /* Build configuration list for PBXNativeTarget "StoneUITests" */ = {
			isa = XCConfigurationList;
			buildConfigurations = (
				1EC56972229FFFA300715CAC /* Debug */,
				1EC56973229FFFA300715CAC /* Release */,
			);
			defaultConfigurationIsVisible = 0;
			defaultConfigurationName = Release;
		};
/* End XCConfigurationList section */

/* Begin XCVersionGroup section */
		1EC5694A229FFFA200715CAC /* Stone.xcdatamodeld */ = {
			isa = XCVersionGroup;
			children = (
				1EC5694B229FFFA200715CAC /* Stone.xcdatamodel */,
			);
			currentVersion = 1EC5694B229FFFA200715CAC /* Stone.xcdatamodel */;
			path = Stone.xcdatamodeld;
			sourceTree = "<group>";
			versionGroupType = wrapper.xcdatamodel;
		};
/* End XCVersionGroup section */
	};
	rootObject = 1EC56938229FFFA200715CAC /* Project object */;
}
