// !$*UTF8*$!
{
	archiveVersion = 1;
	classes = {
	};
	objectVersion = 50;
	objects = {

/* Begin PBXBuildFile section */
		1EC56944229FFFA200715CAC /* AppDelegate.swift in Sources */ = {isa = PBXBuildFile; fileRef = 1EC56943229FFFA200715CAC /* AppDelegate.swift */; };
		1EC56946229FFFA200715CAC /* ViewController.swift in Sources */ = {isa = PBXBuildFile; fileRef = 1EC56945229FFFA200715CAC /* ViewController.swift */; };
		1EC56949229FFFA200715CAC /* Main.storyboard in Resources */ = {isa = PBXBuildFile; fileRef = 1EC56947229FFFA200715CAC /* Main.storyboard */; };
		1EC5694C229FFFA200715CAC /* Stone.xcdatamodeld in Sources */ = {isa = PBXBuildFile; fileRef = 1EC5694A229FFFA200715CAC /* Stone.xcdatamodeld */; };
		1EC5694E229FFFA300715CAC /* Assets.xcassets in Resources */ = {isa = PBXBuildFile; fileRef = 1EC5694D229FFFA300715CAC /* Assets.xcassets */; };
		1EC56951229FFFA300715CAC /* LaunchScreen.storyboard in Resources */ = {isa = PBXBuildFile; fileRef = 1EC5694F229FFFA300715CAC /* LaunchScreen.storyboard */; };
		1EC5695C229FFFA300715CAC /* StoneTests.swift in Sources */ = {isa = PBXBuildFile; fileRef = 1EC5695B229FFFA300715CAC /* StoneTests.swift */; };
		1EC56967229FFFA300715CAC /* StoneUITests.swift in Sources */ = {isa = PBXBuildFile; fileRef = 1EC56966229FFFA300715CAC /* StoneUITests.swift */; };
/* End PBXBuildFile section */

/* Begin PBXContainerItemProxy section */
		1EC56958229FFFA300715CAC /* PBXContainerItemProxy */ = {
			isa = PBXContainerItemProxy;
			containerPortal = 1EC56938229FFFA200715CAC /* Project object */;
			proxyType = 1;
			remoteGlobalIDString = 1EC5693F229FFFA200715CAC;
			remoteInfo = Stone;
		};
		1EC56963229FFFA300715CAC /* PBXContainerItemProxy */ = {
			isa = PBXContainerItemProxy;
			containerPortal = 1EC56938229FFFA200715CAC /* Project object */;
			proxyType = 1;
			remoteGlobalIDString = 1EC5693F229FFFA200715CAC;
			remoteInfo = Stone;
		};
/* End PBXContainerItemProxy section */

/* Begin PBXFileReference section */
		1EC56940229FFFA200715CAC /* Stone.app */ = {isa = PBXFileReference; explicitFileType = wrapper.application; includeInIndex = 0; path = Stone.app; sourceTree = BUILT_PRODUCTS_DIR; };
		1EC56943229FFFA200715CAC /* AppDelegate.swift */ = {isa = PBXFileReference; lastKnownFileType = sourcecode.swift; path = AppDelegate.swift; sourceTree = "<group>"; };
		1EC56945229FFFA200715CAC /* ViewController.swift */ = {isa = PBXFileReference; lastKnownFileType = sourcecode.swift; path = ViewController.swift; sourceTree = "<group>"; };
		1EC56948229FFFA200715CAC /* Base */ = {isa = PBXFileReference; lastKnownFileType = file.storyboard; name = Base; path = Base.lproj/Main.storyboard; sourceTree = "<group>"; };
		1EC5694B229FFFA200715CAC /* Stone.xcdatamodel */ = {isa = PBXFileReference; lastKnownFileType = wrapper.xcdatamodel; path = Stone.xcdatamodel; sourceTree = "<group>"; };
		1EC5694D229FFFA300715CAC /* Assets.xcassets */ = {isa = PBXFileReference; lastKnownFileType = folder.assetcatalog; path = Assets.xcassets; sourceTree = "<group>"; };
		1EC56950229FFFA300715CAC /* Base */ = {isa = PBXFileReference; lastKnownFileType = file.storyboard; name = Base; path = Base.lproj/LaunchScreen.storyboard; sourceTree = "<group>"; };
		1EC56952229FFFA300715CAC /* Info.plist */ = {isa = PBXFileReference; lastKnownFileType = text.plist.xml; path = Info.plist; sourceTree = "<group>"; };
		1EC56957229FFFA300715CAC /* StoneTests.xctest */ = {isa = PBXFileReference; explicitFileType = wrapper.cfbundle; includeInIndex = 0; path = StoneTests.xctest; sourceTree = BUILT_PRODUCTS_DIR; };
		1EC5695B229FFFA300715CAC /* StoneTests.swift */ = {isa = PBXFileReference; lastKnownFileType = sourcecode.swift; path = StoneTests.swift; sourceTree = "<group>"; };
		1EC5695D229FFFA300715CAC /* Info.plist */ = {isa = PBXFileReference; lastKnownFileType = text.plist.xml; path = Info.plist; sourceTree = "<group>"; };
		1EC56962229FFFA300715CAC /* StoneUITests.xctest */ = {isa = PBXFileReference; explicitFileType = wrapper.cfbundle; includeInIndex = 0; path = StoneUITests.xctest; sourceTree = BUILT_PRODUCTS_DIR; };
		1EC56966229FFFA300715CAC /* StoneUITests.swift */ = {isa = PBXFileReference; lastKnownFileType = sourcecode.swift; path = StoneUITests.swift; sourceTree = "<group>"; };
		1EC56968229FFFA300715CAC /* Info.plist */ = {isa = PBXFileReference; lastKnownFileType = text.plist.xml; path = Info.plist; sourceTree = "<group>"; };
/* End PBXFileReference section */

/* Begin PBXFrameworksBuildPhase section */
		1EC5693D229FFFA200715CAC /* Frameworks */ = {
			isa = PBXFrameworksBuildPhase;
			buildActionMask = 2147483647;
			files = (
			);
			runOnlyForDeploymentPostprocessing = 0;
		};
		1EC56954229FFFA300715CAC /* Frameworks */ = {
			isa = PBXFrameworksBuildPhase;
			buildActionMask = 2147483647;
			files = (
			);
			runOnlyForDeploymentPostprocessing = 0;
		};
		1EC5695F229FFFA300715CAC /* Frameworks */ = {
			isa = PBXFrameworksBuildPhase;
			buildActionMask = 2147483647;
			files = (
			);
			runOnlyForDeploymentPostprocessing = 0;
		};
/* End PBXFrameworksBuildPhase section */

/* Begin PBXGroup section */
		1EC56937229FFFA200715CAC = {
			isa = PBXGroup;
			children = (
				1EC56942229FFFA200715CAC /* Stone */,
				1EC5695A229FFFA300715CAC /* StoneTests */,
				1EC56965229FFFA300715CAC /* StoneUITests */,
				1EC56941229FFFA200715CAC /* Products */,
			);
			sourceTree = "<group>";
		};
		1EC56941229FFFA200715CAC /* Products */ = {
			isa = PBXGroup;
			children = (
				1EC56940229FFFA200715CAC /* Stone.app */,
				1EC56957229FFFA300715CAC /* StoneTests.xctest */,
				1EC56962229FFFA300715CAC /* StoneUITests.xctest */,
			);
			name = Products;
			sourceTree = "<group>";
		};
		1EC56942229FFFA200715CAC /* Stone */ = {
			isa = PBXGroup;
			children = (
				1EC56943229FFFA200715CAC /* AppDelegate.swift */,
				1EC56945229FFFA200715CAC /* ViewController.swift */,
				1EC56947229FFFA200715CAC /* Main.storyboard */,
				1EC5694D229FFFA300715CAC /* Assets.xcassets */,
				1EC5694F229FFFA300715CAC /* LaunchScreen.storyboard */,
				1EC56952229FFFA300715CAC /* Info.plist */,
				1EC5694A229FFFA200715CAC /* Stone.xcdatamodeld */,
			);
			path = Stone;
			sourceTree = "<group>";
		};
		1EC5695A229FFFA300715CAC /* StoneTests */ = {
			isa = PBXGroup;
			children = (
				1EC5695B229FFFA300715CAC /* StoneTests.swift */,
				1EC5695D229FFFA300715CAC /* Info.plist */,
			);
			path = StoneTests;
			sourceTree = "<group>";
		};
		1EC56965229FFFA300715CAC /* StoneUITests */ = {
			isa = PBXGroup;
			children = (
				1EC56966229FFFA300715CAC /* StoneUITests.swift */,
				1EC56968229FFFA300715CAC /* Info.plist */,
			);
			path = StoneUITests;
			sourceTree = "<group>";
		};
/* End PBXGroup section */

/* Begin PBXNativeTarget section */
		1EC5693F229FFFA200715CAC /* Stone */ = {
			isa = PBXNativeTarget;
			buildConfigurationList = 1EC5696B229FFFA300715CAC /* Build configuration list for PBXNativeTarget "Stone" */;
			buildPhases = (
				1EC5693C229FFFA200715CAC /* Sources */,
				1EC5693D229FFFA200715CAC /* Frameworks */,
				1EC5693E229FFFA200715CAC /* Resources */,
			);
			buildRules = (
			);
			dependencies = (
			);
			name = Stone;
			productName = Stone;
			productReference = 1EC56940229FFFA200715CAC /* Stone.app */;
			productType = "com.apple.product-type.application";
		};
		1EC56956229FFFA300715CAC /* StoneTests */ = {
			isa = PBXNativeTarget;
			buildConfigurationList = 1EC5696E229FFFA300715CAC /* Build configuration list for PBXNativeTarget "StoneTests" */;
			buildPhases = (
				1EC56953229FFFA300715CAC /* Sources */,
				1EC56954229FFFA300715CAC /* Frameworks */,
				1EC56955229FFFA300715CAC /* Resources */,
			);
			buildRules = (
			);
			dependencies = (
				1EC56959229FFFA300715CAC /* PBXTargetDependency */,
			);
			name = StoneTests;
			productName = StoneTests;
			productReference = 1EC56957229FFFA300715CAC /* StoneTests.xctest */;
			productType = "com.apple.product-type.bundle.unit-test";
		};
		1EC56961229FFFA300715CAC /* StoneUITests */ = {
			isa = PBXNativeTarget;
			buildConfigurationList = 1EC56971229FFFA300715CAC /* Build configuration list for PBXNativeTarget "StoneUITests" */;
			buildPhases = (
				1EC5695E229FFFA300715CAC /* Sources */,
				1EC5695F229FFFA300715CAC /* Frameworks */,
				1EC56960229FFFA300715CAC /* Resources */,
			);
			buildRules = (
			);
			dependencies = (
				1EC56964229FFFA300715CAC /* PBXTargetDependency */,
			);
			name = StoneUITests;
			productName = StoneUITests;
			productReference = 1EC56962229FFFA300715CAC /* StoneUITests.xctest */;
			productType = "com.apple.product-type.bundle.ui-testing";
		};
/* End PBXNativeTarget section */

/* Begin PBXProject section */
		1EC56938229FFFA200715CAC /* Project object */ = {
			isa = PBXProject;
			attributes = {
				LastSwiftUpdateCheck = 1010;
				LastUpgradeCheck = 1010;
				ORGANIZATIONNAME = "Thomas Martins";
				TargetAttributes = {
					1EC5693F229FFFA200715CAC = {
						CreatedOnToolsVersion = 10.1;
					};
					1EC56956229FFFA300715CAC = {
						CreatedOnToolsVersion = 10.1;
						TestTargetID = 1EC5693F229FFFA200715CAC;
					};
					1EC56961229FFFA300715CAC = {
						CreatedOnToolsVersion = 10.1;
						TestTargetID = 1EC5693F229FFFA200715CAC;
					};
				};
			};
			buildConfigurationList = 1EC5693B229FFFA200715CAC /* Build configuration list for PBXProject "Stone" */;
			compatibilityVersion = "Xcode 9.3";
			developmentRegion = en;
			hasScannedForEncodings = 0;
			knownRegions = (
				en,
				Base,
			);
			mainGroup = 1EC56937229FFFA200715CAC;
			productRefGroup = 1EC56941229FFFA200715CAC /* Products */;
			projectDirPath = "";
			projectRoot = "";
			targets = (
				1EC5693F229FFFA200715CAC /* Stone */,
				1EC56956229FFFA300715CAC /* StoneTests */,
				1EC56961229FFFA300715CAC /* StoneUITests */,
			);
		};
/* End PBXProject section */

/* Begin PBXResourcesBuildPhase section */
		1EC5693E229FFFA200715CAC /* Resources */ = {
			isa = PBXResourcesBuildPhase;
			buildActionMask = 2147483647;
			files = (
				1EC56951229FFFA300715CAC /* LaunchScreen.storyboard in Resources */,
				1EC5694E229FFFA300715CAC /* Assets.xcassets in Resources */,
				1EC56949229FFFA200715CAC /* Main.storyboard in Resources */,
			);
			runOnlyForDeploymentPostprocessing = 0;
		};
		1EC56955229FFFA300715CAC /* Resources */ = {
			isa = PBXResourcesBuildPhase;
			buildActionMask = 2147483647;
			files = (
			);
			runOnlyForDeploymentPostprocessing = 0;
		};
		1EC56960229FFFA300715CAC /* Resources */ = {
			isa = PBXResourcesBuildPhase;
			buildActionMask = 2147483647;
			files = (
			);
			runOnlyForDeploymentPostprocessing = 0;
		};
/* End PBXResourcesBuildPhase section */

/* Begin PBXSourcesBuildPhase section */
		1EC5693C229FFFA200715CAC /* Sources */ = {
			isa = PBXSourcesBuildPhase;
			buildActionMask = 2147483647;
			files = (
				1EC5694C229FFFA200715CAC /* Stone.xcdatamodeld in Sources */,
				1EC56946229FFFA200715CAC /* ViewController.swift in Sources */,
				1EC56944229FFFA200715CAC /* AppDelegate.swift in Sources */,
			);
			runOnlyForDeploymentPostprocessing = 0;
		};
		1EC56953229FFFA300715CAC /* Sources */ = {
			isa = PBXSourcesBuildPhase;
			buildActionMask = 2147483647;
			files = (
				1EC5695C229FFFA300715CAC /* StoneTests.swift in Sources */,
			);
			runOnlyForDeploymentPostprocessing = 0;
		};
		1EC5695E229FFFA300715CAC /* Sources */ = {
			isa = PBXSourcesBuildPhase;
			buildActionMask = 2147483647;
			files = (
				1EC56967229FFFA300715CAC /* StoneUITests.swift in Sources */,
			);
			runOnlyForDeploymentPostprocessing = 0;
		};
/* End PBXSourcesBuildPhase section */

/* Begin PBXTargetDependency section */
		1EC56959229FFFA300715CAC /* PBXTargetDependency */ = {
			isa = PBXTargetDependency;
			target = 1EC5693F229FFFA200715CAC /* Stone */;
			targetProxy = 1EC56958229FFFA300715CAC /* PBXContainerItemProxy */;
		};
		1EC56964229FFFA300715CAC /* PBXTargetDependency */ = {
			isa = PBXTargetDependency;
			target = 1EC5693F229FFFA200715CAC /* Stone */;
			targetProxy = 1EC56963229FFFA300715CAC /* PBXContainerItemProxy */;
		};
/* End PBXTargetDependency section */

/* Begin PBXVariantGroup section */
		1EC56947229FFFA200715CAC /* Main.storyboard */ = {
			isa = PBXVariantGroup;
			children = (
				1EC56948229FFFA200715CAC /* Base */,
			);
			name = Main.storyboard;
			sourceTree = "<group>";
		};
		1EC5694F229FFFA300715CAC /* LaunchScreen.storyboard */ = {
			isa = PBXVariantGroup;
			children = (
				1EC56950229FFFA300715CAC /* Base */,
			);
			name = LaunchScreen.storyboard;
			sourceTree = "<group>";
		};
/* End PBXVariantGroup section */

/* Begin XCBuildConfiguration section */
		1EC56969229FFFA300715CAC /* Debug */ = {
			isa = XCBuildConfiguration;
			buildSettings = {
				ALWAYS_SEARCH_USER_PATHS = NO;
				CLANG_ANALYZER_NONNULL = YES;
				CLANG_ANALYZER_NUMBER_OBJECT_CONVERSION = YES_AGGRESSIVE;
				CLANG_CXX_LANGUAGE_STANDARD = "gnu++14";
				CLANG_CXX_LIBRARY = "libc++";
				CLANG_ENABLE_MODULES = YES;
				CLANG_ENABLE_OBJC_ARC = YES;
				CLANG_ENABLE_OBJC_WEAK = YES;
				CLANG_WARN_BLOCK_CAPTURE_AUTORELEASING = YES;
				CLANG_WARN_BOOL_CONVERSION = YES;
				CLANG_WARN_COMMA = YES;
				CLANG_WARN_CONSTANT_CONVERSION = YES;
				CLANG_WARN_DEPRECATED_OBJC_IMPLEMENTATIONS = YES;
				CLANG_WARN_DIRECT_OBJC_ISA_USAGE = YES_ERROR;
				CLANG_WARN_DOCUMENTATION_COMMENTS = YES;
				CLANG_WARN_EMPTY_BODY = YES;
				CLANG_WARN_ENUM_CONVERSION = YES;
				CLANG_WARN_INFINITE_RECURSION = YES;
				CLANG_WARN_INT_CONVERSION = YES;
				CLANG_WARN_NON_LITERAL_NULL_CONVERSION = YES;
				CLANG_WARN_OBJC_IMPLICIT_RETAIN_SELF = YES;
				CLANG_WARN_OBJC_LITERAL_CONVERSION = YES;
				CLANG_WARN_OBJC_ROOT_CLASS = YES_ERROR;
				CLANG_WARN_RANGE_LOOP_ANALYSIS = YES;
				CLANG_WARN_STRICT_PROTOTYPES = YES;
				CLANG_WARN_SUSPICIOUS_MOVE = YES;
				CLANG_WARN_UNGUARDED_AVAILABILITY = YES_AGGRESSIVE;
				CLANG_WARN_UNREACHABLE_CODE = YES;
				CLANG_WARN__DUPLICATE_METHOD_MATCH = YES;
				CODE_SIGN_IDENTITY = "iPhone Developer";
				COPY_PHASE_STRIP = NO;
				DEBUG_INFORMATION_FORMAT = dwarf;
				ENABLE_STRICT_OBJC_MSGSEND = YES;
				ENABLE_TESTABILITY = YES;
				GCC_C_LANGUAGE_STANDARD = gnu11;
				GCC_DYNAMIC_NO_PIC = NO;
				GCC_NO_COMMON_BLOCKS = YES;
				GCC_OPTIMIZATION_LEVEL = 0;
				GCC_PREPROCESSOR_DEFINITIONS = (
					"DEBUG=1",
					"$(inherited)",
				);
				GCC_WARN_64_TO_32_BIT_CONVERSION = YES;
				GCC_WARN_ABOUT_RETURN_TYPE = YES_ERROR;
				GCC_WARN_UNDECLARED_SELECTOR = YES;
				GCC_WARN_UNINITIALIZED_AUTOS = YES_AGGRESSIVE;
				GCC_WARN_UNUSED_FUNCTION = YES;
				GCC_WARN_UNUSED_VARIABLE = YES;
				IPHONEOS_DEPLOYMENT_TARGET = 12.1;
				MTL_ENABLE_DEBUG_INFO = INCLUDE_SOURCE;
				MTL_FAST_MATH = YES;
				ONLY_ACTIVE_ARCH = YES;
				SDKROOT = iphoneos;
				SWIFT_ACTIVE_COMPILATION_CONDITIONS = DEBUG;
				SWIFT_OPTIMIZATION_LEVEL = "-Onone";
			};
			name = Debug;
		};
		1EC5696A229FFFA300715CAC /* Release */ = {
			isa = XCBuildConfiguration;
			buildSettings = {
				ALWAYS_SEARCH_USER_PATHS = NO;
				CLANG_ANALYZER_NONNULL = YES;
				CLANG_ANALYZER_NUMBER_OBJECT_CONVERSION = YES_AGGRESSIVE;
				CLANG_CXX_LANGUAGE_STANDARD = "gnu++14";
				CLANG_CXX_LIBRARY = "libc++";
				CLANG_ENABLE_MODULES = YES;
				CLANG_ENABLE_OBJC_ARC = YES;
				CLANG_ENABLE_OBJC_WEAK = YES;
				CLANG_WARN_BLOCK_CAPTURE_AUTORELEASING = YES;
				CLANG_WARN_BOOL_CONVERSION = YES;
				CLANG_WARN_COMMA = YES;
				CLANG_WARN_CONSTANT_CONVERSION = YES;
				CLANG_WARN_DEPRECATED_OBJC_IMPLEMENTATIONS = YES;
				CLANG_WARN_DIRECT_OBJC_ISA_USAGE = YES_ERROR;
				CLANG_WARN_DOCUMENTATION_COMMENTS = YES;
				CLANG_WARN_EMPTY_BODY = YES;
				CLANG_WARN_ENUM_CONVERSION = YES;
				CLANG_WARN_INFINITE_RECURSION = YES;
				CLANG_WARN_INT_CONVERSION = YES;
				CLANG_WARN_NON_LITERAL_NULL_CONVERSION = YES;
				CLANG_WARN_OBJC_IMPLICIT_RETAIN_SELF = YES;
				CLANG_WARN_OBJC_LITERAL_CONVERSION = YES;
				CLANG_WARN_OBJC_ROOT_CLASS = YES_ERROR;
				CLANG_WARN_RANGE_LOOP_ANALYSIS = YES;
				CLANG_WARN_STRICT_PROTOTYPES = YES;
				CLANG_WARN_SUSPICIOUS_MOVE = YES;
				CLANG_WARN_UNGUARDED_AVAILABILITY = YES_AGGRESSIVE;
				CLANG_WARN_UNREACHABLE_CODE = YES;
				CLANG_WARN__DUPLICATE_METHOD_MATCH = YES;
				CODE_SIGN_IDENTITY = "iPhone Developer";
				COPY_PHASE_STRIP = NO;
				DEBUG_INFORMATION_FORMAT = "dwarf-with-dsym";
				ENABLE_NS_ASSERTIONS = NO;
				ENABLE_STRICT_OBJC_MSGSEND = YES;
				GCC_C_LANGUAGE_STANDARD = gnu11;
				GCC_NO_COMMON_BLOCKS = YES;
				GCC_WARN_64_TO_32_BIT_CONVERSION = YES;
				GCC_WARN_ABOUT_RETURN_TYPE = YES_ERROR;
				GCC_WARN_UNDECLARED_SELECTOR = YES;
				GCC_WARN_UNINITIALIZED_AUTOS = YES_AGGRESSIVE;
				GCC_WARN_UNUSED_FUNCTION = YES;
				GCC_WARN_UNUSED_VARIABLE = YES;
				IPHONEOS_DEPLOYMENT_TARGET = 12.1;
				MTL_ENABLE_DEBUG_INFO = NO;
				MTL_FAST_MATH = YES;
				SDKROOT = iphoneos;
				SWIFT_COMPILATION_MODE = wholemodule;
				SWIFT_OPTIMIZATION_LEVEL = "-O";
				VALIDATE_PRODUCT = YES;
			};
			name = Release;
		};
		1EC5696C229FFFA300715CAC /* Debug */ = {
			isa = XCBuildConfiguration;
			buildSettings = {
				ASSETCATALOG_COMPILER_APPICON_NAME = AppIcon;
				CODE_SIGN_STYLE = Automatic;
				DEVELOPMENT_TEAM = Z4PP64MVBM;
				INFOPLIST_FILE = Stone/Info.plist;
				LD_RUNPATH_SEARCH_PATHS = (
					"$(inherited)",
					"@executable_path/Frameworks",
				);
				PRODUCT_BUNDLE_IDENTIFIER = Stone.Stone.Stone;
				PRODUCT_NAME = "$(TARGET_NAME)";
				SWIFT_VERSION = 4.2;
				TARGETED_DEVICE_FAMILY = "1,2";
			};
			name = Debug;
		};
		1EC5696D229FFFA300715CAC /* Release */ = {
			isa = XCBuildConfiguration;
			buildSettings = {
				ASSETCATALOG_COMPILER_APPICON_NAME = AppIcon;
				CODE_SIGN_STYLE = Automatic;
				DEVELOPMENT_TEAM = Z4PP64MVBM;
				INFOPLIST_FILE = Stone/Info.plist;
				LD_RUNPATH_SEARCH_PATHS = (
					"$(inherited)",
					"@executable_path/Frameworks",
				);
				PRODUCT_BUNDLE_IDENTIFIER = Stone.Stone.Stone;
				PRODUCT_NAME = "$(TARGET_NAME)";
				SWIFT_VERSION = 4.2;
				TARGETED_DEVICE_FAMILY = "1,2";
			};
			name = Release;
		};
		1EC5696F229FFFA300715CAC /* Debug */ = {
			isa = XCBuildConfiguration;
			buildSettings = {
				ALWAYS_EMBED_SWIFT_STANDARD_LIBRARIES = YES;
				BUNDLE_LOADER = "$(TEST_HOST)";
				CODE_SIGN_STYLE = Automatic;
				DEVELOPMENT_TEAM = 7F4ML7J3E2;
				INFOPLIST_FILE = StoneTests/Info.plist;
				LD_RUNPATH_SEARCH_PATHS = (
					"$(inherited)",
					"@executable_path/Frameworks",
					"@loader_path/Frameworks",
				);
				PRODUCT_BUNDLE_IDENTIFIER = Stone.StoneTests;
				PRODUCT_NAME = "$(TARGET_NAME)";
				SWIFT_VERSION = 4.2;
				TARGETED_DEVICE_FAMILY = "1,2";
				TEST_HOST = "$(BUILT_PRODUCTS_DIR)/Stone.app/Stone";
			};
			name = Debug;
		};
		1EC56970229FFFA300715CAC /* Release */ = {
			isa = XCBuildConfiguration;
			buildSettings = {
				ALWAYS_EMBED_SWIFT_STANDARD_LIBRARIES = YES;
				BUNDLE_LOADER = "$(TEST_HOST)";
				CODE_SIGN_STYLE = Automatic;
				DEVELOPMENT_TEAM = 7F4ML7J3E2;
				INFOPLIST_FILE = StoneTests/Info.plist;
				LD_RUNPATH_SEARCH_PATHS = (
					"$(inherited)",
					"@executable_path/Frameworks",
					"@loader_path/Frameworks",
				);
				PRODUCT_BUNDLE_IDENTIFIER = Stone.StoneTests;
				PRODUCT_NAME = "$(TARGET_NAME)";
				SWIFT_VERSION = 4.2;
				TARGETED_DEVICE_FAMILY = "1,2";
				TEST_HOST = "$(BUILT_PRODUCTS_DIR)/Stone.app/Stone";
			};
			name = Release;
		};
		1EC56972229FFFA300715CAC /* Debug */ = {
			isa = XCBuildConfiguration;
			buildSettings = {
				ALWAYS_EMBED_SWIFT_STANDARD_LIBRARIES = YES;
				CODE_SIGN_STYLE = Automatic;
				DEVELOPMENT_TEAM = 7F4ML7J3E2;
				INFOPLIST_FILE = StoneUITests/Info.plist;
				LD_RUNPATH_SEARCH_PATHS = (
					"$(inherited)",
					"@executable_path/Frameworks",
					"@loader_path/Frameworks",
				);
				PRODUCT_BUNDLE_IDENTIFIER = Stone.StoneUITests;
				PRODUCT_NAME = "$(TARGET_NAME)";
				SWIFT_VERSION = 4.2;
				TARGETED_DEVICE_FAMILY = "1,2";
				TEST_TARGET_NAME = Stone;
			};
			name = Debug;
		};
		1EC56973229FFFA300715CAC /* Release */ = {
			isa = XCBuildConfiguration;
			buildSettings = {
				ALWAYS_EMBED_SWIFT_STANDARD_LIBRARIES = YES;
				CODE_SIGN_STYLE = Automatic;
				DEVELOPMENT_TEAM = 7F4ML7J3E2;
				INFOPLIST_FILE = StoneUITests/Info.plist;
				LD_RUNPATH_SEARCH_PATHS = (
					"$(inherited)",
					"@executable_path/Frameworks",
					"@loader_path/Frameworks",
				);
				PRODUCT_BUNDLE_IDENTIFIER = Stone.StoneUITests;
				PRODUCT_NAME = "$(TARGET_NAME)";
				SWIFT_VERSION = 4.2;
				TARGETED_DEVICE_FAMILY = "1,2";
				TEST_TARGET_NAME = Stone;
			};
			name = Release;
		};
/* End XCBuildConfiguration section */

/* Begin XCConfigurationList section */
		1EC5693B229FFFA200715CAC /* Build configuration list for PBXProject "Stone" */ = {
			isa = XCConfigurationList;
			buildConfigurations = (
				1EC56969229FFFA300715CAC /* Debug */,
				1EC5696A229FFFA300715CAC /* Release */,
			);
			defaultConfigurationIsVisible = 0;
			defaultConfigurationName = Release;
		};
		1EC5696B229FFFA300715CAC /* Build configuration list for PBXNativeTarget "Stone" */ = {
			isa = XCConfigurationList;
			buildConfigurations = (
				1EC5696C229FFFA300715CAC /* Debug */,
				1EC5696D229FFFA300715CAC /* Release */,
			);
			defaultConfigurationIsVisible = 0;
			defaultConfigurationName = Release;
		};
		1EC5696E229FFFA300715CAC /* Build configuration list for PBXNativeTarget "StoneTests" */ = {
			isa = XCConfigurationList;
			buildConfigurations = (
				1EC5696F229FFFA300715CAC /* Debug */,
				1EC56970229FFFA300715CAC /* Release */,
			);
			defaultConfigurationIsVisible = 0;
			defaultConfigurationName = Release;
		};
		1EC56971229FFFA300715CAC /* Build configuration list for PBXNativeTarget "StoneUITests" */ = {
			isa = XCConfigurationList;
			buildConfigurations = (
				1EC56972229FFFA300715CAC /* Debug */,
				1EC56973229FFFA300715CAC /* Release */,
			);
			defaultConfigurationIsVisible = 0;
			defaultConfigurationName = Release;
		};
/* End XCConfigurationList section */

/* Begin XCVersionGroup section */
		1EC5694A229FFFA200715CAC /* Stone.xcdatamodeld */ = {
			isa = XCVersionGroup;
			children = (
				1EC5694B229FFFA200715CAC /* Stone.xcdatamodel */,
			);
			currentVersion = 1EC5694B229FFFA200715CAC /* Stone.xcdatamodel */;
			path = Stone.xcdatamodeld;
			sourceTree = "<group>";
			versionGroupType = wrapper.xcdatamodel;
		};
/* End XCVersionGroup section */
	};
	rootObject = 1EC56938229FFFA200715CAC /* Project object */;
}
